
Microsoft Visual Studio Solution File, Format Version 12.00
# Visual Studio Version 17
VisualStudioVersion = 17.8.34126.315
MinimumVisualStudioVersion = 10.0.40219.1
Project("{9A19103F-16F7-4668-BE54-9A1E7A4F7556}") = "GCTest", "GCTest\GCTest.csproj", "{640BC9FB-E78C-41A9-8905-FBC681681D1A}"
EndProject
Project("{9A19103F-16F7-4668-BE54-9A1E7A4F7556}") = "Extensions", "..\CLRProjects\Extensions\Extensions.csproj", "{E4AD892A-2C97-43FC-8E76-27B97970C33F}"
EndProject
Global
	GlobalSection(SolutionConfigurationPlatforms) = preSolution
		Debug|Any CPU = Debug|Any CPU
		Release|Any CPU = Release|Any CPU
	EndGlobalSection
	GlobalSection(ProjectConfigurationPlatforms) = postSolution
		{640BC9FB-E78C-41A9-8905-FBC681681D1A}.Debug|Any CPU.ActiveCfg = Debug|Any CPU
		{640BC9FB-E78C-41A9-8905-FBC681681D1A}.Debug|Any CPU.Build.0 = Debug|Any CPU
		{640BC9FB-E78C-41A9-8905-FBC681681D1A}.Release|Any CPU.ActiveCfg = Release|Any CPU
		{640BC9FB-E78C-41A9-8905-FBC681681D1A}.Release|Any CPU.Build.0 = Release|Any CPU
		{E4AD892A-2C97-43FC-8E76-27B97970C33F}.Debug|Any CPU.ActiveCfg = Debug|Any CPU
		{E4AD892A-2C97-43FC-8E76-27B97970C33F}.Debug|Any CPU.Build.0 = Debug|Any CPU
		{E4AD892A-2C97-43FC-8E76-27B97970C33F}.Release|Any CPU.ActiveCfg = Release|Any CPU
		{E4AD892A-2C97-43FC-8E76-27B97970C33F}.Release|Any CPU.Build.0 = Release|Any CPU
	EndGlobalSection
	GlobalSection(SolutionProperties) = preSolution
		HideSolutionNode = FALSE
	EndGlobalSection
	GlobalSection(ExtensibilityGlobals) = postSolution
		SolutionGuid = {60F4CCD0-103A-4F31-A1E5-B0F4311CF6BB}
	EndGlobalSection
EndGlobal
